
Microsoft Visual Studio Solution File, Format Version 12.00
# Visual Studio Version 17
VisualStudioVersion = 17.4.33213.308
MinimumVisualStudioVersion = 10.0.40219.1
Project("{FAE04EC0-301F-11D3-BF4B-00C04F79EFBC}") = "ZDZCode.OpenFinanceBrasil.Domain", "ZDZCode.OpenFinanceBrasil.Domain\ZDZCode.OpenFinanceBrasil.Domain.csproj", "{37597DF7-1C6F-4FB5-98E0-A161E27888EB}"
EndProject
Global
	GlobalSection(SolutionConfigurationPlatforms) = preSolution
		Debug|Any CPU = Debug|Any CPU
		Release|Any CPU = Release|Any CPU
	EndGlobalSection
	GlobalSection(ProjectConfigurationPlatforms) = postSolution
		{37597DF7-1C6F-4FB5-98E0-A161E27888EB}.Debug|Any CPU.ActiveCfg = Debug|Any CPU
		{37597DF7-1C6F-4FB5-98E0-A161E27888EB}.Debug|Any CPU.Build.0 = Debug|Any CPU
		{37597DF7-1C6F-4FB5-98E0-A161E27888EB}.Release|Any CPU.ActiveCfg = Release|Any CPU
		{37597DF7-1C6F-4FB5-98E0-A161E27888EB}.Release|Any CPU.Build.0 = Release|Any CPU
	EndGlobalSection
	GlobalSection(SolutionProperties) = preSolution
		HideSolutionNode = FALSE
	EndGlobalSection
	GlobalSection(ExtensibilityGlobals) = postSolution
		SolutionGuid = {F3091D11-2B51-4848-A14B-E16EAA924270}
	EndGlobalSection
EndGlobal
